
Microsoft Visual Studio Solution File, Format Version 12.00
# Visual Studio Version 17
VisualStudioVersion = 17.11.35222.181
MinimumVisualStudioVersion = 10.0.40219.1
Project("{FAE04EC0-301F-11D3-BF4B-00C04F79EFBC}") = "Vehicle", "Vehicle\Vehicle.csproj", "{62E7D914-E530-4CE6-808F-C68133F0EFE3}"
EndProject
Project("{FAE04EC0-301F-11D3-BF4B-00C04F79EFBC}") = "Vehicle.Tests", "Vehicle.Tests\Vehicle.Tests.csproj", "{7E077E46-C9AF-4CF7-8168-C2DD7EBEADE6}"
EndProject
Global
	GlobalSection(SolutionConfigurationPlatforms) = preSolution
		Debug|Any CPU = Debug|Any CPU
		Debug|x64 = Debug|x64
		Debug|x86 = Debug|x86
		Release|Any CPU = Release|Any CPU
		Release|x64 = Release|x64
		Release|x86 = Release|x86
	EndGlobalSection
	GlobalSection(ProjectConfigurationPlatforms) = postSolution
		{62E7D914-E530-4CE6-808F-C68133F0EFE3}.Debug|Any CPU.ActiveCfg = Debug|Any CPU
		{62E7D914-E530-4CE6-808F-C68133F0EFE3}.Debug|Any CPU.Build.0 = Debug|Any CPU
		{62E7D914-E530-4CE6-808F-C68133F0EFE3}.Debug|x64.ActiveCfg = Debug|Any CPU
		{62E7D914-E530-4CE6-808F-C68133F0EFE3}.Debug|x64.Build.0 = Debug|Any CPU
		{62E7D914-E530-4CE6-808F-C68133F0EFE3}.Debug|x86.ActiveCfg = Debug|Any CPU
		{62E7D914-E530-4CE6-808F-C68133F0EFE3}.Debug|x86.Build.0 = Debug|Any CPU
		{62E7D914-E530-4CE6-808F-C68133F0EFE3}.Release|Any CPU.ActiveCfg = Release|Any CPU
		{62E7D914-E530-4CE6-808F-C68133F0EFE3}.Release|Any CPU.Build.0 = Release|Any CPU
		{62E7D914-E530-4CE6-808F-C68133F0EFE3}.Release|x64.ActiveCfg = Release|Any CPU
		{62E7D914-E530-4CE6-808F-C68133F0EFE3}.Release|x64.Build.0 = Release|Any CPU
		{62E7D914-E530-4CE6-808F-C68133F0EFE3}.Release|x86.ActiveCfg = Release|Any CPU
		{62E7D914-E530-4CE6-808F-C68133F0EFE3}.Release|x86.Build.0 = Release|Any CPU
		{7E077E46-C9AF-4CF7-8168-C2DD7EBEADE6}.Debug|Any CPU.ActiveCfg = Debug|Any CPU
		{7E077E46-C9AF-4CF7-8168-C2DD7EBEADE6}.Debug|Any CPU.Build.0 = Debug|Any CPU
		{7E077E46-C9AF-4CF7-8168-C2DD7EBEADE6}.Debug|x64.ActiveCfg = Debug|Any CPU
		{7E077E46-C9AF-4CF7-8168-C2DD7EBEADE6}.Debug|x64.Build.0 = Debug|Any CPU
		{7E077E46-C9AF-4CF7-8168-C2DD7EBEADE6}.Debug|x86.ActiveCfg = Debug|Any CPU
		{7E077E46-C9AF-4CF7-8168-C2DD7EBEADE6}.Debug|x86.Build.0 = Debug|Any CPU
		{7E077E46-C9AF-4CF7-8168-C2DD7EBEADE6}.Release|Any CPU.ActiveCfg = Release|Any CPU
		{7E077E46-C9AF-4CF7-8168-C2DD7EBEADE6}.Release|Any CPU.Build.0 = Release|Any CPU
		{7E077E46-C9AF-4CF7-8168-C2DD7EBEADE6}.Release|x64.ActiveCfg = Release|Any CPU
		{7E077E46-C9AF-4CF7-8168-C2DD7EBEADE6}.Release|x64.Build.0 = Release|Any CPU
		{7E077E46-C9AF-4CF7-8168-C2DD7EBEADE6}.Release|x86.ActiveCfg = Release|Any CPU
		{7E077E46-C9AF-4CF7-8168-C2DD7EBEADE6}.Release|x86.Build.0 = Release|Any CPU
	EndGlobalSection
	GlobalSection(SolutionProperties) = preSolution
		HideSolutionNode = FALSE
	EndGlobalSection
	GlobalSection(ExtensibilityGlobals) = postSolution
		SolutionGuid = {ACE5C2E1-BD5F-4D2E-9562-C905C668F41C}
	EndGlobalSection
EndGlobal
